Microsoft Visual Studio Solution File, Format Version 12.00
# Visual Studio Version 17
VisualStudioVersion = 17.5.2.0
MinimumVisualStudioVersion = 10.0.40219.1
Project("{FAE04EC0-301F-11D3-BF4B-00C04F79EFBC}") = "SpotifyMVC", "SpotifyMVC.csproj", "{92A2AA36-3B90-6BCD-44BF-7059778BA5D7}"
EndProject
Global
	GlobalSection(SolutionConfigurationPlatforms) = preSolution
		Debug|Any CPU = Debug|Any CPU
		Release|Any CPU = Release|Any CPU
	EndGlobalSection
	GlobalSection(ProjectConfigurationPlatforms) = postSolution
		{92A2AA36-3B90-6BCD-44BF-7059778BA5D7}.Debug|Any CPU.ActiveCfg = Debug|Any CPU
		{92A2AA36-3B90-6BCD-44BF-7059778BA5D7}.Debug|Any CPU.Build.0 = Debug|Any CPU
		{92A2AA36-3B90-6BCD-44BF-7059778BA5D7}.Release|Any CPU.ActiveCfg = Release|Any CPU
		{92A2AA36-3B90-6BCD-44BF-7059778BA5D7}.Release|Any CPU.Build.0 = Release|Any CPU
	EndGlobalSection
	GlobalSection(SolutionProperties) = preSolution
		HideSolutionNode = FALSE
	EndGlobalSection
	GlobalSection(ExtensibilityGlobals) = postSolution
		SolutionGuid = {5946042C-CB9F-45DF-8292-A60D0D926628}
	EndGlobalSection
EndGlobal
